
Microsoft Visual Studio Solution File, Format Version 12.00
# Visual Studio 14
VisualStudioVersion = 14.0.25420.1
MinimumVisualStudioVersion = 10.0.40219.1
Project("{FAE04EC0-301F-11D3-BF4B-00C04F79EFBC}") = "SimpleClasses", "SimpleClasses\SimpleClasses.csproj", "{CE9FE871-1D5E-4C8C-A692-B6F2FFF8AF22}"
EndProject
Global
	GlobalSection(SolutionConfigurationPlatforms) = preSolution
		Debug|Any CPU = Debug|Any CPU
		Release|Any CPU = Release|Any CPU
	EndGlobalSection
	GlobalSection(ProjectConfigurationPlatforms) = postSolution
		{CE9FE871-1D5E-4C8C-A692-B6F2FFF8AF22}.Debug|Any CPU.ActiveCfg = Debug|Any CPU
		{CE9FE871-1D5E-4C8C-A692-B6F2FFF8AF22}.Debug|Any CPU.Build.0 = Debug|Any CPU
		{CE9FE871-1D5E-4C8C-A692-B6F2FFF8AF22}.Release|Any CPU.ActiveCfg = Release|Any CPU
		{CE9FE871-1D5E-4C8C-A692-B6F2FFF8AF22}.Release|Any CPU.Build.0 = Release|Any CPU
	EndGlobalSection
	GlobalSection(SolutionProperties) = preSolution
		HideSolutionNode = FALSE
	EndGlobalSection
EndGlobal
